Microsoft Visual Studio Solution File, Format Version 12.00
# Visual Studio Version 17
VisualStudioVersion = 17.13.35919.96
MinimumVisualStudioVersion = 10.0.40219.1
Project("{FAE04EC0-301F-11D3-BF4B-00C04F79EFBC}") = "Find24Avalonia", "Find24Avalonia\Find24Avalonia.csproj", "{022C0836-8532-C573-0FB2-0E5913DD3437}"
EndProject
Project("{FAE04EC0-301F-11D3-BF4B-00C04F79EFBC}") = "Find24Avalonia.Browser", "Find24Avalonia.Browser\Find24Avalonia.Browser.csproj", "{F1BE486F-DCD6-A329-6B34-8E5F48ED39A2}"
EndProject
Project("{FAE04EC0-301F-11D3-BF4B-00C04F79EFBC}") = "Find24Avalonia.Desktop", "Find24Avalonia.Desktop\Find24Avalonia.Desktop.csproj", "{2A48C875-F55E-9553-B5F8-8D83471B9A01}"
EndProject
Global
	GlobalSection(SolutionConfigurationPlatforms) = preSolution
		Debug|Any CPU = Debug|Any CPU
		Release|Any CPU = Release|Any CPU
	EndGlobalSection
	GlobalSection(ProjectConfigurationPlatforms) = postSolution
		{022C0836-8532-C573-0FB2-0E5913DD3437}.Debug|Any CPU.ActiveCfg = Debug|Any CPU
		{022C0836-8532-C573-0FB2-0E5913DD3437}.Debug|Any CPU.Build.0 = Debug|Any CPU
		{022C0836-8532-C573-0FB2-0E5913DD3437}.Release|Any CPU.ActiveCfg = Release|Any CPU
		{022C0836-8532-C573-0FB2-0E5913DD3437}.Release|Any CPU.Build.0 = Release|Any CPU
		{F1BE486F-DCD6-A329-6B34-8E5F48ED39A2}.Debug|Any CPU.ActiveCfg = Debug|Any CPU
		{F1BE486F-DCD6-A329-6B34-8E5F48ED39A2}.Debug|Any CPU.Build.0 = Debug|Any CPU
		{F1BE486F-DCD6-A329-6B34-8E5F48ED39A2}.Release|Any CPU.ActiveCfg = Release|Any CPU
		{F1BE486F-DCD6-A329-6B34-8E5F48ED39A2}.Release|Any CPU.Build.0 = Release|Any CPU
		{2A48C875-F55E-9553-B5F8-8D83471B9A01}.Debug|Any CPU.ActiveCfg = Debug|Any CPU
		{2A48C875-F55E-9553-B5F8-8D83471B9A01}.Debug|Any CPU.Build.0 = Debug|Any CPU
		{2A48C875-F55E-9553-B5F8-8D83471B9A01}.Release|Any CPU.ActiveCfg = Release|Any CPU
		{2A48C875-F55E-9553-B5F8-8D83471B9A01}.Release|Any CPU.Build.0 = Release|Any CPU
	EndGlobalSection
	GlobalSection(SolutionProperties) = preSolution
		HideSolutionNode = FALSE
	EndGlobalSection
	GlobalSection(ExtensibilityGlobals) = postSolution
		SolutionGuid = {DB373143-5843-48C8-8896-2B318898FBAA}
	EndGlobalSection
EndGlobal
